
Microsoft Visual Studio Solution File, Format Version 12.00
# Visual Studio Version 16
VisualStudioVersion = 16.0.31424.327
MinimumVisualStudioVersion = 10.0.40219.1
Project("{FAE04EC0-301F-11D3-BF4B-00C04F79EFBC}") = "mcoach", "mcoach\mcoach.csproj", "{50B07288-E78C-444B-A9E4-10ED8D394DD4}"
EndProject
Global
	GlobalSection(SolutionConfigurationPlatforms) = preSolution
		Debug|Any CPU = Debug|Any CPU
		Release|Any CPU = Release|Any CPU
	EndGlobalSection
	GlobalSection(ProjectConfigurationPlatforms) = postSolution
		{50B07288-E78C-444B-A9E4-10ED8D394DD4}.Debug|Any CPU.ActiveCfg = Debug|Any CPU
		{50B07288-E78C-444B-A9E4-10ED8D394DD4}.Debug|Any CPU.Build.0 = Debug|Any CPU
		{50B07288-E78C-444B-A9E4-10ED8D394DD4}.Release|Any CPU.ActiveCfg = Release|Any CPU
		{50B07288-E78C-444B-A9E4-10ED8D394DD4}.Release|Any CPU.Build.0 = Release|Any CPU
	EndGlobalSection
	GlobalSection(SolutionProperties) = preSolution
		HideSolutionNode = FALSE
	EndGlobalSection
	GlobalSection(ExtensibilityGlobals) = postSolution
		SolutionGuid = {9F8167A0-86AC-41BE-8AA6-669E68493D12}
	EndGlobalSection
EndGlobal
